{
  "nodes": {
    "nixpkgs": {
      "locked": {
        "lastModified": 1614389971,
        "narHash": "sha256-AWmxiRwQ/ZI/mXIAW/yj7ziT2NoiD524n0a3LLtqiyg=",
        "owner": "NixOS",
        "repo": "nixpkgs",
        "rev": "462c6fe4b115804ea4d5bee7103c0f46ff9f9cfb",
        "type": "github"
      },
      "original": {
        "owner": "NixOS",
        "ref": "nixos-20.03",
        "repo": "nixpkgs",
        "type": "github"
      }
    },
    "root": {
      "inputs": {
        "nixpkgs": "nixpkgs",
        "zcashd": "zcashd"
      }
    },
    "zcashd": {
      "flake": false,
      "locked": {
        "lastModified": 1614203977,
        "narHash": "sha256-epJ95jaODdMlW3P9tuH97JFvfyhLJGZRPB4kibgM9gI=",
        "owner": "zcash",
        "repo": "zcash",
        "rev": "a675d9089d2e0e1c2aace78ba8beceab0e4fa859",
        "type": "github"
      },
      "original": {
        "owner": "zcash",
        "ref": "v4.3.0",
        "repo": "zcash",
        "type": "github"
      }
    }
  },
  "root": "root",
  "version": 7
}
