{
  "nodes": {
    "nixpkgs": {
      "locked": {
        "lastModified": 1614389971,
        "narHash": "sha256-AWmxiRwQ/ZI/mXIAW/yj7ziT2NoiD524n0a3LLtqiyg=",
        "owner": "NixOS",
        "repo": "nixpkgs",
        "rev": "462c6fe4b115804ea4d5bee7103c0f46ff9f9cfb",
        "type": "github"
      },
      "original": {
        "owner": "NixOS",
        "ref": "nixos-20.03",
        "repo": "nixpkgs",
        "type": "github"
      }
    },
    "root": {
      "inputs": {
        "nixpkgs": "nixpkgs",
        "zcashd": "zcashd"
      }
    },
    "zcashd": {
      "flake": false,
      "locked": {
        "lastModified": 1614946636,
        "narHash": "sha256-F2FY5JwAn59fqynTzFFg4ITIcy7Hf84zsXv2q2XhS1Y=",
        "owner": "zcash",
        "repo": "zcash",
        "rev": "2aa9fbbdfebfb37a30333339bcdc063f16766d86",
        "type": "github"
      },
      "original": {
        "owner": "zcash",
        "repo": "zcash",
        "type": "github"
      }
    }
  },
  "root": "root",
  "version": 7
}
